
Microsoft Visual Studio Solution File, Format Version 12.00
# Visual Studio 15
VisualStudioVersion = 15.0.26730.3
MinimumVisualStudioVersion = 10.0.40219.1
Project("{8BC9CEB8-8B4A-11D0-8D11-00A0C91BC942}") = "Dogfight", "Code\Game\Game.vcxproj", "{40F0128E-5C0D-4B0C-A72C-61F45882AAB0}"
EndProject
Project("{8BC9CEB8-8B4A-11D0-8D11-00A0C91BC942}") = "Engine", "..\..\Engine\Code\Engine\Engine.vcxproj", "{1B02CDE2-9ADE-4333-84ED-CBA7F4BC2DAF}"
EndProject
Global
	GlobalSection(SolutionConfigurationPlatforms) = preSolution
		Debug|x64 = Debug|x64
		Debug|x86 = Debug|x86
		DebugInline|x64 = DebugInline|x64
		DebugInline|x86 = DebugInline|x86
		Release|x64 = Release|x64
		Release|x86 = Release|x86
	EndGlobalSection
	GlobalSection(ProjectConfigurationPlatforms) = postSolution
		{40F0128E-5C0D-4B0C-A72C-61F45882AAB0}.Debug|x64.ActiveCfg = Debug|x64
		{40F0128E-5C0D-4B0C-A72C-61F45882AAB0}.Debug|x64.Build.0 = Debug|x64
		{40F0128E-5C0D-4B0C-A72C-61F45882AAB0}.Debug|x86.ActiveCfg = Debug|Win32
		{40F0128E-5C0D-4B0C-A72C-61F45882AAB0}.Debug|x86.Build.0 = Debug|Win32
		{40F0128E-5C0D-4B0C-A72C-61F45882AAB0}.DebugInline|x64.ActiveCfg = DebugInline|x64
		{40F0128E-5C0D-4B0C-A72C-61F45882AAB0}.DebugInline|x64.Build.0 = DebugInline|x64
		{40F0128E-5C0D-4B0C-A72C-61F45882AAB0}.DebugInline|x86.ActiveCfg = DebugInline|Win32
		{40F0128E-5C0D-4B0C-A72C-61F45882AAB0}.DebugInline|x86.Build.0 = DebugInline|Win32
		{40F0128E-5C0D-4B0C-A72C-61F45882AAB0}.Release|x64.ActiveCfg = Release|x64
		{40F0128E-5C0D-4B0C-A72C-61F45882AAB0}.Release|x64.Build.0 = Release|x64
		{40F0128E-5C0D-4B0C-A72C-61F45882AAB0}.Release|x86.ActiveCfg = Release|Win32
		{40F0128E-5C0D-4B0C-A72C-61F45882AAB0}.Release|x86.Build.0 = Release|Win32
		{1B02CDE2-9ADE-4333-84ED-CBA7F4BC2DAF}.Debug|x64.ActiveCfg = Debug|x64
		{1B02CDE2-9ADE-4333-84ED-CBA7F4BC2DAF}.Debug|x64.Build.0 = Debug|x64
		{1B02CDE2-9ADE-4333-84ED-CBA7F4BC2DAF}.Debug|x86.ActiveCfg = Debug|Win32
		{1B02CDE2-9ADE-4333-84ED-CBA7F4BC2DAF}.Debug|x86.Build.0 = Debug|Win32
		{1B02CDE2-9ADE-4333-84ED-CBA7F4BC2DAF}.DebugInline|x64.ActiveCfg = DebugInline|x64
		{1B02CDE2-9ADE-4333-84ED-CBA7F4BC2DAF}.DebugInline|x64.Build.0 = DebugInline|x64
		{1B02CDE2-9ADE-4333-84ED-CBA7F4BC2DAF}.DebugInline|x86.ActiveCfg = DebugInline|Win32
		{1B02CDE2-9ADE-4333-84ED-CBA7F4BC2DAF}.DebugInline|x86.Build.0 = DebugInline|Win32
		{1B02CDE2-9ADE-4333-84ED-CBA7F4BC2DAF}.Release|x64.ActiveCfg = Release|x64
		{1B02CDE2-9ADE-4333-84ED-CBA7F4BC2DAF}.Release|x64.Build.0 = Release|x64
		{1B02CDE2-9ADE-4333-84ED-CBA7F4BC2DAF}.Release|x86.ActiveCfg = Release|Win32
		{1B02CDE2-9ADE-4333-84ED-CBA7F4BC2DAF}.Release|x86.Build.0 = Release|Win32
	EndGlobalSection
	GlobalSection(SolutionProperties) = preSolution
		HideSolutionNode = FALSE
	EndGlobalSection
	GlobalSection(ExtensibilityGlobals) = postSolution
		SolutionGuid = {E9AA6680-8571-48F0-A59B-4DF78271012C}
	EndGlobalSection
EndGlobal
