<?xml version="1.0" encoding="utf-8"?>
<Project ToolsVersion="4.0" xmlns="http://schemas.microsoft.com/developer/msbuild/2003">
  <ItemGroup>
    <Filter Include="General">
      <UniqueIdentifier>{4FC737F1-C7A5-4376-A066-2A32D752A2FF}</UniqueIdentifier>
      <Extensions>cpp;c;cc;cxx;def;odl;idl;hpj;bat;asm;asmx</Extensions>
    </Filter>
    <Filter Include="Data">
      <UniqueIdentifier>{ca51d0d8-b81c-414b-8bcc-8a56a8efbba6}</UniqueIdentifier>
    </Filter>
    <Filter Include="Data\Definitions">
      <UniqueIdentifier>{aab7496a-62b0-4544-b3c9-a790682235d1}</UniqueIdentifier>
    </Filter>
    <Filter Include="Data\Shaders">
      <UniqueIdentifier>{fe7891b5-0edd-46f7-8c2f-6d0ae07560c3}</UniqueIdentifier>
    </Filter>
    <Filter Include="General\Map">
      <UniqueIdentifier>{ff645dfa-97ee-49b0-8430-e26de1d19f59}</UniqueIdentifier>
    </Filter>
    <Filter Include="General\States">
      <UniqueIdentifier>{83ba60c6-05d8-4f48-b01c-f688ad2ff332}</UniqueIdentifier>
    </Filter>
  </ItemGroup>
  <ItemGroup>
    <ClCompile Include="Main_Win32.cpp">
      <Filter>General</Filter>
    </ClCompile>
    <ClCompile Include="TheGame.cpp">
      <Filter>General</Filter>
    </ClCompile>
    <ClCompile Include="App.cpp">
      <Filter>General</Filter>
    </ClCompile>
    <ClCompile Include="Map\GameMap.cpp">
      <Filter>General\Map</Filter>
    </ClCompile>
    <ClCompile Include="GameObject.cpp">
      <Filter>General</Filter>
    </ClCompile>
    <ClCompile Include="States\GameState.cpp">
      <Filter>General\States</Filter>
    </ClCompile>
    <ClCompile Include="States\LoadState.cpp">
      <Filter>General\States</Filter>
    </ClCompile>
    <ClCompile Include="States\MenuState.cpp">
      <Filter>General\States</Filter>
    </ClCompile>
    <ClCompile Include="States\PlayState.cpp">
      <Filter>General\States</Filter>
    </ClCompile>
    <ClCompile Include="States\SetupState.cpp">
      <Filter>General\States</Filter>
    </ClCompile>
  </ItemGroup>
  <ItemGroup>
    <ClInclude Include="TheGame.hpp">
      <Filter>General</Filter>
    </ClInclude>
    <ClInclude Include="App.hpp">
      <Filter>General</Filter>
    </ClInclude>
    <ClInclude Include="GameCommon.hpp">
      <Filter>General</Filter>
    </ClInclude>
    <ClInclude Include="EngineBuildPreferences.hpp">
      <Filter>General</Filter>
    </ClInclude>
    <ClInclude Include="GameDebug.hpp">
      <Filter>General</Filter>
    </ClInclude>
    <ClInclude Include="Map\GameMap.hpp">
      <Filter>General\Map</Filter>
    </ClInclude>
    <ClInclude Include="GameObject.hpp">
      <Filter>General</Filter>
    </ClInclude>
    <ClInclude Include="States\GameState.hpp">
      <Filter>General\States</Filter>
    </ClInclude>
    <ClInclude Include="States\LoadState.hpp">
      <Filter>General\States</Filter>
    </ClInclude>
    <ClInclude Include="States\MenuState.hpp">
      <Filter>General\States</Filter>
    </ClInclude>
    <ClInclude Include="States\PlayState.hpp">
      <Filter>General\States</Filter>
    </ClInclude>
    <ClInclude Include="States\SetupState.hpp">
      <Filter>General\States</Filter>
    </ClInclude>
  </ItemGroup>
  <ItemGroup>
    <Xml Include="Data\GameConfig.xml">
      <Filter>Data</Filter>
    </Xml>
    <Xml Include="Data\Definitions\Tiles.xml">
      <Filter>Data\Definitions</Filter>
    </Xml>
    <Xml Include="Data\Definitions\Maps.xml">
      <Filter>Data\Definitions</Filter>
    </Xml>
  </ItemGroup>
  <ItemGroup>
    <None Include="..\..\Run_Win32\Data\Shaders\passthrough.fs">
      <Filter>Data\Shaders</Filter>
    </None>
    <None Include="..\..\Run_Win32\Data\Shaders\passthrough.vs">
      <Filter>Data\Shaders</Filter>
    </None>
  </ItemGroup>
</Project>