<?xml version="1.0" encoding="utf-8"?>
<Project ToolsVersion="4.0" xmlns="http://schemas.microsoft.com/developer/msbuild/2003">
  <ItemGroup>
    <Filter Include="General">
      <UniqueIdentifier>{4FC737F1-C7A5-4376-A066-2A32D752A2FF}</UniqueIdentifier>
      <Extensions>cpp;c;cc;cxx;def;odl;idl;hpj;bat;asm;asmx</Extensions>
    </Filter>
    <Filter Include="Math">
      <UniqueIdentifier>{14f0c663-52f4-487e-8b56-f7e57ad584ba}</UniqueIdentifier>
    </Filter>
    <Filter Include="Renderer">
      <UniqueIdentifier>{aced599a-9bb0-4b06-9ddc-a0e25753d0b3}</UniqueIdentifier>
    </Filter>
    <Filter Include="ThirdParty">
      <UniqueIdentifier>{fc5b98e9-04ea-41c3-81e4-59242a3355f0}</UniqueIdentifier>
    </Filter>
    <Filter Include="Audio">
      <UniqueIdentifier>{cd6b27d2-6660-41ca-a022-6a33ed896535}</UniqueIdentifier>
    </Filter>
    <Filter Include="DevConsole">
      <UniqueIdentifier>{0bf2d354-eda4-4795-8a75-db43ea34e00e}</UniqueIdentifier>
    </Filter>
    <Filter Include="GUI">
      <UniqueIdentifier>{049f00aa-8170-4754-acb6-0955b83c00b9}</UniqueIdentifier>
    </Filter>
    <Filter Include="Renderer\Sprites">
      <UniqueIdentifier>{0c542621-7bce-441c-ae63-0fdcdd26c094}</UniqueIdentifier>
    </Filter>
    <Filter Include="Profiler">
      <UniqueIdentifier>{9937b5c8-657b-461c-a38b-3b1e16d9f758}</UniqueIdentifier>
    </Filter>
    <Filter Include="Physics">
      <UniqueIdentifier>{1dc2897e-dfb8-4601-a9e6-9dbed78dadc1}</UniqueIdentifier>
    </Filter>
  </ItemGroup>
  <ItemGroup>
    <ClCompile Include="Math\Vector2.cpp">
      <Filter>Math</Filter>
    </ClCompile>
    <ClCompile Include="Math\AABB2.cpp">
      <Filter>Math</Filter>
    </ClCompile>
    <ClCompile Include="Math\Disc2.cpp">
      <Filter>Math</Filter>
    </ClCompile>
    <ClCompile Include="Math\MathUtils.cpp">
      <Filter>Math</Filter>
    </ClCompile>
    <ClCompile Include="InputSystem\InputSystem.cpp">
      <Filter>General</Filter>
    </ClCompile>
    <ClCompile Include="Core\Rgba.cpp">
      <Filter>General</Filter>
    </ClCompile>
    <ClCompile Include="Renderer\Renderer.cpp">
      <Filter>Renderer</Filter>
    </ClCompile>
    <ClCompile Include="Core\Time.cpp">
      <Filter>General</Filter>
    </ClCompile>
    <ClCompile Include="InputSystem\AnalogJoystick.cpp">
      <Filter>General</Filter>
    </ClCompile>
    <ClCompile Include="InputSystem\XboxController.cpp">
      <Filter>General</Filter>
    </ClCompile>
    <ClCompile Include="Math\IntVector2.cpp">
      <Filter>Math</Filter>
    </ClCompile>
    <ClCompile Include="Renderer\Texture.cpp">
      <Filter>Renderer</Filter>
    </ClCompile>
    <ClCompile Include="ThirdParty\stb\stb_image.c">
      <Filter>ThirdParty</Filter>
    </ClCompile>
    <ClCompile Include="Renderer\SpriteSheet.cpp">
      <Filter>Renderer</Filter>
    </ClCompile>
    <ClCompile Include="Math\FloatRange.cpp">
      <Filter>Math</Filter>
    </ClCompile>
    <ClCompile Include="Math\IntRange.cpp">
      <Filter>Math</Filter>
    </ClCompile>
    <ClCompile Include="Core\ErrorWarningAssert.cpp">
      <Filter>General</Filter>
    </ClCompile>
    <ClCompile Include="Core\StringUtils.cpp">
      <Filter>General</Filter>
    </ClCompile>
    <ClCompile Include="Audio\AudioSystem.cpp">
      <Filter>Audio</Filter>
    </ClCompile>
    <ClCompile Include="ThirdParty\tinyxml2\tinyxml2.cpp">
      <Filter>ThirdParty</Filter>
    </ClCompile>
    <ClCompile Include="Core\XmlUtilities.cpp">
      <Filter>General</Filter>
    </ClCompile>
    <ClCompile Include="Blackboard.cpp">
      <Filter>General</Filter>
    </ClCompile>
    <ClCompile Include="Renderer\BitmapFont.cpp">
      <Filter>Renderer</Filter>
    </ClCompile>
    <ClCompile Include="Core\Image.cpp">
      <Filter>General</Filter>
    </ClCompile>
    <ClCompile Include="Math\Matrix44.cpp">
      <Filter>Math</Filter>
    </ClCompile>
    <ClCompile Include="Renderer\SpriteAnim.cpp">
      <Filter>Renderer</Filter>
    </ClCompile>
    <ClCompile Include="Renderer\SpriteAnimSetDefinition.cpp">
      <Filter>Renderer</Filter>
    </ClCompile>
    <ClCompile Include="Renderer\SpriteAnimDefinition.cpp">
      <Filter>Renderer</Filter>
    </ClCompile>
    <ClCompile Include="Renderer\SpriteAnimSet.cpp">
      <Filter>Renderer</Filter>
    </ClCompile>
    <ClCompile Include="Math\Vector3.cpp">
      <Filter>Math</Filter>
    </ClCompile>
    <ClCompile Include="Math\CubicSpline.cpp">
      <Filter>Math</Filter>
    </ClCompile>
    <ClCompile Include="Math\RawNoise.cpp">
      <Filter>Math</Filter>
    </ClCompile>
    <ClCompile Include="Math\SmoothNoise.cpp">
      <Filter>Math</Filter>
    </ClCompile>
    <ClCompile Include="Renderer\glbindings.cpp">
      <Filter>Renderer</Filter>
    </ClCompile>
    <ClCompile Include="Renderer\ShaderProgram.cpp">
      <Filter>Renderer</Filter>
    </ClCompile>
    <ClCompile Include="Renderer\RenderBuffer.cpp">
      <Filter>Renderer</Filter>
    </ClCompile>
    <ClCompile Include="Core\Window.cpp">
      <Filter>General</Filter>
    </ClCompile>
    <ClCompile Include="Renderer\Sampler.cpp">
      <Filter>Renderer</Filter>
    </ClCompile>
    <ClCompile Include="DevConsole\Command.cpp">
      <Filter>DevConsole</Filter>
    </ClCompile>
    <ClCompile Include="DevConsole\DevConsole.cpp">
      <Filter>DevConsole</Filter>
    </ClCompile>
    <ClCompile Include="DevConsole\DevConsoleInputBox.cpp">
      <Filter>DevConsole</Filter>
    </ClCompile>
    <ClCompile Include="Renderer\Camera.cpp">
      <Filter>Renderer</Filter>
    </ClCompile>
    <ClCompile Include="Renderer\FrameBuffer.cpp">
      <Filter>Renderer</Filter>
    </ClCompile>
    <ClCompile Include="Renderer\OrbitCamera.cpp">
      <Filter>Renderer</Filter>
    </ClCompile>
    <ClCompile Include="Math\Trajectory.cpp">
      <Filter>Math</Filter>
    </ClCompile>
    <ClCompile Include="Core\Clock.cpp">
      <Filter>General</Filter>
    </ClCompile>
    <ClCompile Include="Renderer\Sprites\Sprite.cpp">
      <Filter>Renderer\Sprites</Filter>
    </ClCompile>
    <ClCompile Include="Renderer\Sprites\IsoSprite.cpp">
      <Filter>Renderer\Sprites</Filter>
    </ClCompile>
    <ClCompile Include="Renderer\Sprites\IsoSpriteAnim.cpp">
      <Filter>Renderer\Sprites</Filter>
    </ClCompile>
    <ClCompile Include="Renderer\Sprites\IsoSpriteAnimSet.cpp">
      <Filter>Renderer\Sprites</Filter>
    </ClCompile>
    <ClCompile Include="Renderer\Sprites\IsoSpriteAnimDef.cpp">
      <Filter>Renderer\Sprites</Filter>
    </ClCompile>
    <ClCompile Include="Renderer\Mesh.cpp">
      <Filter>Renderer</Filter>
    </ClCompile>
    <ClCompile Include="Renderer\MeshBuilder.cpp">
      <Filter>Renderer</Filter>
    </ClCompile>
    <ClCompile Include="Renderer\FirstPersonCamera.cpp">
      <Filter>Renderer</Filter>
    </ClCompile>
    <ClCompile Include="Renderer\DebugRender.cpp">
      <Filter>Renderer</Filter>
    </ClCompile>
    <ClCompile Include="Core\Transform.cpp">
      <Filter>General</Filter>
    </ClCompile>
    <ClCompile Include="Renderer\Shader.cpp">
      <Filter>Renderer</Filter>
    </ClCompile>
    <ClCompile Include="Core\Vertex.cpp">
      <Filter>General</Filter>
    </ClCompile>
    <ClCompile Include="Math\Vector4.cpp">
      <Filter>Math</Filter>
    </ClCompile>
    <ClCompile Include="Renderer\Material.cpp">
      <Filter>Renderer</Filter>
    </ClCompile>
    <ClCompile Include="Renderer\Renderable.cpp">
      <Filter>Renderer</Filter>
    </ClCompile>
    <ClCompile Include="Renderer\ForwardRenderPath.cpp">
      <Filter>Renderer</Filter>
    </ClCompile>
    <ClCompile Include="Renderer\RenderSceneGraph.cpp">
      <Filter>Renderer</Filter>
    </ClCompile>
    <ClCompile Include="Renderer\Light.cpp">
      <Filter>Renderer</Filter>
    </ClCompile>
    <ClCompile Include="Renderer\CubeMap.cpp">
      <Filter>Renderer</Filter>
    </ClCompile>
    <ClCompile Include="Renderer\ParticleEmitter.cpp">
      <Filter>Renderer</Filter>
    </ClCompile>
    <ClCompile Include="Core\Stopwatch.cpp">
      <Filter>General</Filter>
    </ClCompile>
    <ClCompile Include="Profiler\ProfilerScopedLog.cpp">
      <Filter>Profiler</Filter>
    </ClCompile>
    <ClCompile Include="Math\Ray.cpp">
      <Filter>Math</Filter>
    </ClCompile>
    <ClCompile Include="Math\AABB3.cpp">
      <Filter>Math</Filter>
    </ClCompile>
    <ClCompile Include="Math\Plane.cpp">
      <Filter>Math</Filter>
    </ClCompile>
    <ClCompile Include="Audio\AudioCue.cpp">
      <Filter>Audio</Filter>
    </ClCompile>
    <ClCompile Include="Audio\AudioCueDefinition.cpp">
      <Filter>Audio</Filter>
    </ClCompile>
    <ClCompile Include="Math\Frustum.cpp">
      <Filter>Math</Filter>
    </ClCompile>
    <ClCompile Include="Profiler\Profiler.cpp">
      <Filter>Profiler</Filter>
    </ClCompile>
    <ClCompile Include="Profiler\ProfilerReportEntry.cpp">
      <Filter>Profiler</Filter>
    </ClCompile>
    <ClCompile Include="Profiler\ProfilerReport.cpp">
      <Filter>Profiler</Filter>
    </ClCompile>
    <ClCompile Include="Profiler\ProfilerWindow.cpp">
      <Filter>Profiler</Filter>
    </ClCompile>
    <ClCompile Include="Core\Threads.cpp">
      <Filter>General</Filter>
    </ClCompile>
    <ClCompile Include="Core\Logger.cpp">
      <Filter>General</Filter>
    </ClCompile>
  </ItemGroup>
  <ItemGroup>
    <ClInclude Include="Math\Vector2.hpp">
      <Filter>Math</Filter>
    </ClInclude>
    <ClInclude Include="Math\AABB2.hpp">
      <Filter>Math</Filter>
    </ClInclude>
    <ClInclude Include="Math\Disc2.hpp">
      <Filter>Math</Filter>
    </ClInclude>
    <ClInclude Include="Math\MathUtils.hpp">
      <Filter>Math</Filter>
    </ClInclude>
    <ClInclude Include="Core\Rgba.hpp">
      <Filter>General</Filter>
    </ClInclude>
    <ClInclude Include="Renderer\Renderer.hpp">
      <Filter>Renderer</Filter>
    </ClInclude>
    <ClInclude Include="InputSystem\InputSystem.hpp">
      <Filter>General</Filter>
    </ClInclude>
    <ClInclude Include="Core\Time.hpp">
      <Filter>General</Filter>
    </ClInclude>
    <ClInclude Include="InputSystem\AnalogJoystick.hpp">
      <Filter>General</Filter>
    </ClInclude>
    <ClInclude Include="InputSystem\XboxController.hpp">
      <Filter>General</Filter>
    </ClInclude>
    <ClInclude Include="InputSystem\InputSystemCommon.hpp">
      <Filter>General</Filter>
    </ClInclude>
    <ClInclude Include="Math\IntVector2.hpp">
      <Filter>Math</Filter>
    </ClInclude>
    <ClInclude Include="Core\Entity.hpp">
      <Filter>General</Filter>
    </ClInclude>
    <ClInclude Include="Renderer\Texture.hpp">
      <Filter>Renderer</Filter>
    </ClInclude>
    <ClInclude Include="ThirdParty\stb\stb_image.h">
      <Filter>ThirdParty</Filter>
    </ClInclude>
    <ClInclude Include="Renderer\SpriteSheet.hpp">
      <Filter>Renderer</Filter>
    </ClInclude>
    <ClInclude Include="Math\FloatRange.hpp">
      <Filter>Math</Filter>
    </ClInclude>
    <ClInclude Include="Math\IntRange.hpp">
      <Filter>Math</Filter>
    </ClInclude>
    <ClInclude Include="Core\ErrorWarningAssert.hpp">
      <Filter>General</Filter>
    </ClInclude>
    <ClInclude Include="Core\StringUtils.hpp">
      <Filter>General</Filter>
    </ClInclude>
    <ClInclude Include="Audio\AudioSystem.hpp">
      <Filter>Audio</Filter>
    </ClInclude>
    <ClInclude Include="ThirdParty\fmod\fmod.h">
      <Filter>ThirdParty</Filter>
    </ClInclude>
    <ClInclude Include="ThirdParty\fmod\fmod.hpp">
      <Filter>ThirdParty</Filter>
    </ClInclude>
    <ClInclude Include="ThirdParty\fmod\fmod_codec.h">
      <Filter>ThirdParty</Filter>
    </ClInclude>
    <ClInclude Include="ThirdParty\fmod\fmod_common.h">
      <Filter>ThirdParty</Filter>
    </ClInclude>
    <ClInclude Include="ThirdParty\fmod\fmod_dsp.h">
      <Filter>ThirdParty</Filter>
    </ClInclude>
    <ClInclude Include="ThirdParty\fmod\fmod_dsp_effects.h">
      <Filter>ThirdParty</Filter>
    </ClInclude>
    <ClInclude Include="ThirdParty\fmod\fmod_errors.h">
      <Filter>ThirdParty</Filter>
    </ClInclude>
    <ClInclude Include="ThirdParty\fmod\fmod_output.h">
      <Filter>ThirdParty</Filter>
    </ClInclude>
    <ClInclude Include="ThirdParty\tinyxml2\tinyxml2.h">
      <Filter>ThirdParty</Filter>
    </ClInclude>
    <ClInclude Include="Core\XmlUtilities.hpp">
      <Filter>General</Filter>
    </ClInclude>
    <ClInclude Include="Blackboard.hpp">
      <Filter>General</Filter>
    </ClInclude>
    <ClInclude Include="Core\EngineCommon.hpp">
      <Filter>General</Filter>
    </ClInclude>
    <ClInclude Include="Renderer\BitmapFont.hpp">
      <Filter>Renderer</Filter>
    </ClInclude>
    <ClInclude Include="Core\Image.hpp">
      <Filter>General</Filter>
    </ClInclude>
    <ClInclude Include="Math\Matrix44.hpp">
      <Filter>Math</Filter>
    </ClInclude>
    <ClInclude Include="Renderer\SpriteAnim.hpp">
      <Filter>Renderer</Filter>
    </ClInclude>
    <ClInclude Include="Renderer\SpriteAnimDefinition.hpp">
      <Filter>Renderer</Filter>
    </ClInclude>
    <ClInclude Include="Renderer\SpriteAnimSet.hpp">
      <Filter>Renderer</Filter>
    </ClInclude>
    <ClInclude Include="Renderer\SpriteAnimSetDefinition.hpp">
      <Filter>Renderer</Filter>
    </ClInclude>
    <ClInclude Include="Core\Vertex.hpp">
      <Filter>General</Filter>
    </ClInclude>
    <ClInclude Include="Math\Vector3.hpp">
      <Filter>Math</Filter>
    </ClInclude>
    <ClInclude Include="Math\CubicSpline.hpp">
      <Filter>Math</Filter>
    </ClInclude>
    <ClInclude Include="Math\RawNoise.hpp">
      <Filter>Math</Filter>
    </ClInclude>
    <ClInclude Include="Math\SmoothNoise.hpp">
      <Filter>Math</Filter>
    </ClInclude>
    <ClInclude Include="ThirdParty\gl\glcorearb.h">
      <Filter>ThirdParty</Filter>
    </ClInclude>
    <ClInclude Include="ThirdParty\gl\glext.h">
      <Filter>ThirdParty</Filter>
    </ClInclude>
    <ClInclude Include="ThirdParty\gl\wglext.h">
      <Filter>ThirdParty</Filter>
    </ClInclude>
    <ClInclude Include="Renderer\glbindings.h">
      <Filter>Renderer</Filter>
    </ClInclude>
    <ClInclude Include="Renderer\ShaderProgram.hpp">
      <Filter>Renderer</Filter>
    </ClInclude>
    <ClInclude Include="Renderer\RenderBuffer.hpp">
      <Filter>Renderer</Filter>
    </ClInclude>
    <ClInclude Include="Core\Window.hpp">
      <Filter>General</Filter>
    </ClInclude>
    <ClInclude Include="Renderer\Sampler.hpp">
      <Filter>Renderer</Filter>
    </ClInclude>
    <ClInclude Include="DevConsole\DevConsole.hpp">
      <Filter>DevConsole</Filter>
    </ClInclude>
    <ClInclude Include="DevConsole\DevConsoleInputBox.hpp">
      <Filter>DevConsole</Filter>
    </ClInclude>
    <ClInclude Include="DevConsole\Command.hpp">
      <Filter>DevConsole</Filter>
    </ClInclude>
    <ClInclude Include="Renderer\Camera.hpp">
      <Filter>Renderer</Filter>
    </ClInclude>
    <ClInclude Include="Renderer\FrameBuffer.hpp">
      <Filter>Renderer</Filter>
    </ClInclude>
    <ClInclude Include="Renderer\OrbitCamera.hpp">
      <Filter>Renderer</Filter>
    </ClInclude>
    <ClInclude Include="Math\Trajectory.hpp">
      <Filter>Math</Filter>
    </ClInclude>
    <ClInclude Include="Core\Clock.hpp">
      <Filter>General</Filter>
    </ClInclude>
    <ClInclude Include="Renderer\Sprites\Sprite.hpp">
      <Filter>Renderer\Sprites</Filter>
    </ClInclude>
    <ClInclude Include="Renderer\Sprites\IsoSprite.hpp">
      <Filter>Renderer\Sprites</Filter>
    </ClInclude>
    <ClInclude Include="Renderer\Sprites\IsoSpriteAnim.hpp">
      <Filter>Renderer\Sprites</Filter>
    </ClInclude>
    <ClInclude Include="Renderer\Sprites\IsoSpriteAnimSet.hpp">
      <Filter>Renderer\Sprites</Filter>
    </ClInclude>
    <ClInclude Include="Renderer\Sprites\IsoSpriteAnimDef.hpp">
      <Filter>Renderer\Sprites</Filter>
    </ClInclude>
    <ClInclude Include="Renderer\Mesh.hpp">
      <Filter>Renderer</Filter>
    </ClInclude>
    <ClInclude Include="Renderer\MeshBuilder.hpp">
      <Filter>Renderer</Filter>
    </ClInclude>
    <ClInclude Include="Renderer\FirstPersonCamera.hpp">
      <Filter>Renderer</Filter>
    </ClInclude>
    <ClInclude Include="Renderer\DebugRender.hpp">
      <Filter>Renderer</Filter>
    </ClInclude>
    <ClInclude Include="Core\Transform.hpp">
      <Filter>General</Filter>
    </ClInclude>
    <ClInclude Include="Renderer\Shader.hpp">
      <Filter>Renderer</Filter>
    </ClInclude>
    <ClInclude Include="Math\Vector4.hpp">
      <Filter>Math</Filter>
    </ClInclude>
    <ClInclude Include="Renderer\Material.hpp">
      <Filter>Renderer</Filter>
    </ClInclude>
    <ClInclude Include="Renderer\Renderable.h">
      <Filter>Renderer</Filter>
    </ClInclude>
    <ClInclude Include="Renderer\ForwardRenderPath.hpp">
      <Filter>Renderer</Filter>
    </ClInclude>
    <ClInclude Include="Renderer\RenderSceneGraph.hpp">
      <Filter>Renderer</Filter>
    </ClInclude>
    <ClInclude Include="Renderer\Light.hpp">
      <Filter>Renderer</Filter>
    </ClInclude>
    <ClInclude Include="Renderer\CubeMap.hpp">
      <Filter>Renderer</Filter>
    </ClInclude>
    <ClInclude Include="Renderer\ParticleEmitter.hpp">
      <Filter>Renderer</Filter>
    </ClInclude>
    <ClInclude Include="Core\Stopwatch.hpp">
      <Filter>General</Filter>
    </ClInclude>
    <ClInclude Include="Profiler\ProfilerScopedLog.hpp">
      <Filter>Profiler</Filter>
    </ClInclude>
    <ClInclude Include="Math\Ray.hpp">
      <Filter>Math</Filter>
    </ClInclude>
    <ClInclude Include="Physics\Contacts.hpp">
      <Filter>Physics</Filter>
    </ClInclude>
    <ClInclude Include="Math\AABB3.hpp">
      <Filter>Math</Filter>
    </ClInclude>
    <ClInclude Include="Math\Plane.hpp">
      <Filter>Math</Filter>
    </ClInclude>
    <ClInclude Include="Audio\AudioCue.hpp">
      <Filter>Audio</Filter>
    </ClInclude>
    <ClInclude Include="Audio\AudioCueDefinition.hpp">
      <Filter>Audio</Filter>
    </ClInclude>
    <ClInclude Include="Math\Frustum.hpp">
      <Filter>Math</Filter>
    </ClInclude>
    <ClInclude Include="Profiler\Profiler.hpp">
      <Filter>Profiler</Filter>
    </ClInclude>
    <ClInclude Include="Profiler\ProfilerReportEntry.hpp">
      <Filter>Profiler</Filter>
    </ClInclude>
    <ClInclude Include="Profiler\ProfilerReport.hpp">
      <Filter>Profiler</Filter>
    </ClInclude>
    <ClInclude Include="Profiler\ProfilerWindow.hpp">
      <Filter>Profiler</Filter>
    </ClInclude>
    <ClInclude Include="Core\Threads.hpp">
      <Filter>General</Filter>
    </ClInclude>
    <ClInclude Include="Core\Logger.hpp">
      <Filter>General</Filter>
    </ClInclude>
  </ItemGroup>
</Project>